
Microsoft Visual Studio Solution File, Format Version 12.00
# Visual Studio Version 17
VisualStudioVersion = 17.9.34723.18
MinimumVisualStudioVersion = 10.0.40219.1
Project("{9A19103F-16F7-4668-BE54-9A1E7A4F7556}") = "Topiik.Client", "Topiik.Client\Topiik.Client.csproj", "{7C1653B4-8718-4461-8D58-94031B7B08E7}"
EndProject
Project("{2150E333-8FDC-42A3-9474-1A3956D46DE8}") = "Solution Items", "Solution Items", "{A917B314-464E-4BD8-91DE-11E18FFF7E6B}"
	ProjectSection(SolutionItems) = preProject
		.gitignore = .gitignore
	EndProjectSection
EndProject
Project("{FAE04EC0-301F-11D3-BF4B-00C04F79EFBC}") = "Topiik.Client.Test", "Topiik.Client.Test\Topiik.Client.Test.csproj", "{282FCCAC-FB67-40EB-9CBB-293C4563CB42}"
EndProject
Global
	GlobalSection(SolutionConfigurationPlatforms) = preSolution
		Debug|Any CPU = Debug|Any CPU
		Release|Any CPU = Release|Any CPU
	EndGlobalSection
	GlobalSection(ProjectConfigurationPlatforms) = postSolution
		{7C1653B4-8718-4461-8D58-94031B7B08E7}.Debug|Any CPU.ActiveCfg = Debug|Any CPU
		{7C1653B4-8718-4461-8D58-94031B7B08E7}.Debug|Any CPU.Build.0 = Debug|Any CPU
		{7C1653B4-8718-4461-8D58-94031B7B08E7}.Release|Any CPU.ActiveCfg = Release|Any CPU
		{7C1653B4-8718-4461-8D58-94031B7B08E7}.Release|Any CPU.Build.0 = Release|Any CPU
		{282FCCAC-FB67-40EB-9CBB-293C4563CB42}.Debug|Any CPU.ActiveCfg = Debug|Any CPU
		{282FCCAC-FB67-40EB-9CBB-293C4563CB42}.Debug|Any CPU.Build.0 = Debug|Any CPU
		{282FCCAC-FB67-40EB-9CBB-293C4563CB42}.Release|Any CPU.ActiveCfg = Release|Any CPU
		{282FCCAC-FB67-40EB-9CBB-293C4563CB42}.Release|Any CPU.Build.0 = Release|Any CPU
	EndGlobalSection
	GlobalSection(SolutionProperties) = preSolution
		HideSolutionNode = FALSE
	EndGlobalSection
	GlobalSection(ExtensibilityGlobals) = postSolution
		SolutionGuid = {7195614F-9A5A-409F-AE2E-3AFB7204878E}
	EndGlobalSection
EndGlobal
